
Microsoft Visual Studio Solution File, Format Version 12.00
# Visual Studio Version 16
VisualStudioVersion = 16.0.30523.141
MinimumVisualStudioVersion = 10.0.40219.1
Project("{F184B08F-C81C-45F6-A57F-5ABD9991F28F}") = "Data_Structures", "Data_Structures\Data_Structures.vbproj", "{E4917DD4-2230-4491-9DCB-D40A06B7AE2D}"
EndProject
Global
	GlobalSection(SolutionConfigurationPlatforms) = preSolution
		Debug|Any CPU = Debug|Any CPU
		Release|Any CPU = Release|Any CPU
	EndGlobalSection
	GlobalSection(ProjectConfigurationPlatforms) = postSolution
		{E4917DD4-2230-4491-9DCB-D40A06B7AE2D}.Debug|Any CPU.ActiveCfg = Debug|Any CPU
		{E4917DD4-2230-4491-9DCB-D40A06B7AE2D}.Debug|Any CPU.Build.0 = Debug|Any CPU
		{E4917DD4-2230-4491-9DCB-D40A06B7AE2D}.Release|Any CPU.ActiveCfg = Release|Any CPU
		{E4917DD4-2230-4491-9DCB-D40A06B7AE2D}.Release|Any CPU.Build.0 = Release|Any CPU
	EndGlobalSection
	GlobalSection(SolutionProperties) = preSolution
		HideSolutionNode = FALSE
	EndGlobalSection
	GlobalSection(ExtensibilityGlobals) = postSolution
		SolutionGuid = {0403E0F0-E488-4A9D-A41C-2AE8504B1834}
	EndGlobalSection
EndGlobal
